
Microsoft Visual Studio Solution File, Format Version 12.00
# Visual Studio Version 17
VisualStudioVersion = 17.7.34202.233
MinimumVisualStudioVersion = 10.0.40219.1
Project("{9A19103F-16F7-4668-BE54-9A1E7A4F7556}") = "RestfulApiExample", "RestfulApiExample.csproj", "{8FE51E52-77DD-41EE-B8F0-2C81D89C3AB7}"
EndProject
Global
	GlobalSection(SolutionConfigurationPlatforms) = preSolution
		Debug|Any CPU = Debug|Any CPU
		Release|Any CPU = Release|Any CPU
	EndGlobalSection
	GlobalSection(ProjectConfigurationPlatforms) = postSolution
		{8FE51E52-77DD-41EE-B8F0-2C81D89C3AB7}.Debug|Any CPU.ActiveCfg = Debug|Any CPU
		{8FE51E52-77DD-41EE-B8F0-2C81D89C3AB7}.Debug|Any CPU.Build.0 = Debug|Any CPU
		{8FE51E52-77DD-41EE-B8F0-2C81D89C3AB7}.Release|Any CPU.ActiveCfg = Release|Any CPU
		{8FE51E52-77DD-41EE-B8F0-2C81D89C3AB7}.Release|Any CPU.Build.0 = Release|Any CPU
	EndGlobalSection
	GlobalSection(SolutionProperties) = preSolution
		HideSolutionNode = FALSE
	EndGlobalSection
	GlobalSection(ExtensibilityGlobals) = postSolution
		SolutionGuid = {55598561-197D-4756-B7DA-993599D23951}
	EndGlobalSection
EndGlobal
